
Microsoft Visual Studio Solution File, Format Version 12.00
# Visual Studio Version 17
VisualStudioVersion = 17.5.002.0
MinimumVisualStudioVersion = 10.0.40219.1
Project("{9A19103F-16F7-4668-BE54-9A1E7A4F7556}") = "Practice-1", "Practice-1.csproj", "{9BD7EC3B-E21C-43F7-AF3F-18A60070F9D6}"
EndProject
Global
	GlobalSection(SolutionConfigurationPlatforms) = preSolution
		Debug|Any CPU = Debug|Any CPU
		Release|Any CPU = Release|Any CPU
	EndGlobalSection
	GlobalSection(ProjectConfigurationPlatforms) = postSolution
		{9BD7EC3B-E21C-43F7-AF3F-18A60070F9D6}.Debug|Any CPU.ActiveCfg = Debug|Any CPU
		{9BD7EC3B-E21C-43F7-AF3F-18A60070F9D6}.Debug|Any CPU.Build.0 = Debug|Any CPU
		{9BD7EC3B-E21C-43F7-AF3F-18A60070F9D6}.Release|Any CPU.ActiveCfg = Release|Any CPU
		{9BD7EC3B-E21C-43F7-AF3F-18A60070F9D6}.Release|Any CPU.Build.0 = Release|Any CPU
	EndGlobalSection
	GlobalSection(SolutionProperties) = preSolution
		HideSolutionNode = FALSE
	EndGlobalSection
	GlobalSection(ExtensibilityGlobals) = postSolution
		SolutionGuid = {B39DFEFC-1A3C-453E-8EB5-438BE3BAFD1E}
	EndGlobalSection
EndGlobal
